
Microsoft Visual Studio Solution File, Format Version 12.00
# Visual Studio Version 17
VisualStudioVersion = 17.11.35312.102
MinimumVisualStudioVersion = 10.0.40219.1
Project("{FAE04EC0-301F-11D3-BF4B-00C04F79EFBC}") = "OOP3-Assignment", "OOP3-Assignment.csproj", "{EE5DA1FC-981D-44DD-B7E6-C28C0DA67FDD}"
EndProject
Global
	GlobalSection(SolutionConfigurationPlatforms) = preSolution
		Debug|Any CPU = Debug|Any CPU
		Release|Any CPU = Release|Any CPU
	EndGlobalSection
	GlobalSection(ProjectConfigurationPlatforms) = postSolution
		{EE5DA1FC-981D-44DD-B7E6-C28C0DA67FDD}.Debug|Any CPU.ActiveCfg = Debug|Any CPU
		{EE5DA1FC-981D-44DD-B7E6-C28C0DA67FDD}.Debug|Any CPU.Build.0 = Debug|Any CPU
		{EE5DA1FC-981D-44DD-B7E6-C28C0DA67FDD}.Release|Any CPU.ActiveCfg = Release|Any CPU
		{EE5DA1FC-981D-44DD-B7E6-C28C0DA67FDD}.Release|Any CPU.Build.0 = Release|Any CPU
	EndGlobalSection
	GlobalSection(SolutionProperties) = preSolution
		HideSolutionNode = FALSE
	EndGlobalSection
	GlobalSection(ExtensibilityGlobals) = postSolution
		SolutionGuid = {57DF283B-547A-49AD-B283-F45DD56ED856}
	EndGlobalSection
EndGlobal
